
Microsoft Visual Studio Solution File, Format Version 12.00
# Visual Studio 14
VisualStudioVersion = 14.0.25420.1
MinimumVisualStudioVersion = 10.0.40219.1
Project("{FAE04EC0-301F-11D3-BF4B-00C04F79EFBC}") = "exampleenum", "exampleenum\exampleenum.csproj", "{992B185B-DAA9-4ECA-99CE-0A7F6211E4E8}"
EndProject
Project("{2150E333-8FDC-42A3-9474-1A3956D46DE8}") = "Solution Items", "Solution Items", "{348F6FFC-9B9B-4C34-8E69-AD59BA168940}"
	ProjectSection(SolutionItems) = preProject
		..\studentenum\studentenum\Program.cs = ..\studentenum\studentenum\Program.cs
	EndProjectSection
EndProject
Global
	GlobalSection(SolutionConfigurationPlatforms) = preSolution
		Debug|Any CPU = Debug|Any CPU
		Release|Any CPU = Release|Any CPU
	EndGlobalSection
	GlobalSection(ProjectConfigurationPlatforms) = postSolution
		{992B185B-DAA9-4ECA-99CE-0A7F6211E4E8}.Debug|Any CPU.ActiveCfg = Debug|Any CPU
		{992B185B-DAA9-4ECA-99CE-0A7F6211E4E8}.Debug|Any CPU.Build.0 = Debug|Any CPU
		{992B185B-DAA9-4ECA-99CE-0A7F6211E4E8}.Release|Any CPU.ActiveCfg = Release|Any CPU
		{992B185B-DAA9-4ECA-99CE-0A7F6211E4E8}.Release|Any CPU.Build.0 = Release|Any CPU
	EndGlobalSection
	GlobalSection(SolutionProperties) = preSolution
		HideSolutionNode = FALSE
	EndGlobalSection
EndGlobal
